
Microsoft Visual Studio Solution File, Format Version 12.00
# Visual Studio 15
VisualStudioVersion = 15.0.28307.489
MinimumVisualStudioVersion = 10.0.40219.1
Project("{8BC9CEB8-8B4A-11D0-8D11-00A0C91BC942}") = "TANGRAM256_256", "TANGRAM256_256\TANGRAM256_256.vcxproj", "{E8760251-8064-40BD-8D83-6D4C14FF3A43}"
EndProject
Global
	GlobalSection(SolutionConfigurationPlatforms) = preSolution
		Debug|x64 = Debug|x64
		Debug|x86 = Debug|x86
		Release|x64 = Release|x64
		Release|x86 = Release|x86
	EndGlobalSection
	GlobalSection(ProjectConfigurationPlatforms) = postSolution
		{E8760251-8064-40BD-8D83-6D4C14FF3A43}.Debug|x64.ActiveCfg = Debug|x64
		{E8760251-8064-40BD-8D83-6D4C14FF3A43}.Debug|x64.Build.0 = Debug|x64
		{E8760251-8064-40BD-8D83-6D4C14FF3A43}.Debug|x86.ActiveCfg = Debug|Win32
		{E8760251-8064-40BD-8D83-6D4C14FF3A43}.Debug|x86.Build.0 = Debug|Win32
		{E8760251-8064-40BD-8D83-6D4C14FF3A43}.Release|x64.ActiveCfg = Release|x64
		{E8760251-8064-40BD-8D83-6D4C14FF3A43}.Release|x64.Build.0 = Release|x64
		{E8760251-8064-40BD-8D83-6D4C14FF3A43}.Release|x86.ActiveCfg = Release|Win32
		{E8760251-8064-40BD-8D83-6D4C14FF3A43}.Release|x86.Build.0 = Release|Win32
	EndGlobalSection
	GlobalSection(SolutionProperties) = preSolution
		HideSolutionNode = FALSE
	EndGlobalSection
	GlobalSection(ExtensibilityGlobals) = postSolution
		SolutionGuid = {52738C8F-CDC0-41C6-BF02-387D53D33ED7}
	EndGlobalSection
EndGlobal
